
Microsoft Visual Studio Solution File, Format Version 12.00
# Visual Studio Version 16
VisualStudioVersion = 16.0.28729.10
MinimumVisualStudioVersion = 10.0.40219.1
Project("{9A19103F-16F7-4668-BE54-9A1E7A4F7556}") = "Wbooru", "Wbooru\Wbooru.csproj", "{C707353F-3E50-49B7-A2E1-1DF669305470}"
EndProject
Project("{2150E333-8FDC-42A3-9474-1A3956D46DE8}") = "Dependencies", "Dependencies", "{E13DBDDD-248E-4D2C-BCD7-3B5265A758CC}"
EndProject
Project("{2150E333-8FDC-42A3-9474-1A3956D46DE8}") = "Plugins", "Plugins", "{3FD0B528-7492-4FC6-A51D-8412234F9BD8}"
EndProject
Project("{FAE04EC0-301F-11D3-BF4B-00C04F79EFBC}") = "WbooruPlugin.Saucenao", "Plugins\WbooruPlugin.Saucenao\WbooruPlugin.Saucenao.csproj", "{36C76CA6-73D8-43E7-8AA8-1A8B8FFA7EF1}"
EndProject
Project("{9A19103F-16F7-4668-BE54-9A1E7A4F7556}") = "WbooruPlugin.Danbooru", "Plugins\WbooruPlugin.Danbooru\WbooruPlugin.Danbooru.csproj", "{4E84E4E3-00FE-4CC2-84EA-2B9362930DFF}"
EndProject
Project("{9A19103F-16F7-4668-BE54-9A1E7A4F7556}") = "WbooruPlugin.BossKey", "Plugins\WbooruPlugin.BossKey\WbooruPlugin.BossKey.csproj", "{E8208EE8-34AF-40F7-969F-8BA2DD8177AE}"
EndProject
Project("{9A19103F-16F7-4668-BE54-9A1E7A4F7556}") = "WbooruPlugin.CommonMoebooruGallery", "Plugins\WbooruPlugin.CommonMoebooruGallery\WbooruPlugin.CommonMoebooruGallery\WbooruPlugin.CommonMoebooruGallery.csproj", "{A7B4E73C-EF0B-4F42-A80D-0C3CCFFA734F}"
EndProject
Project("{9A19103F-16F7-4668-BE54-9A1E7A4F7556}") = "WbooruPlugin.WindowsStyleCustomizer", "Plugins\WbooruPlugin.WindowsStyleCustomizer\WbooruPlugin.WindowsStyleCustomizer.csproj", "{80B63919-3E69-46C7-8642-FE85FDA85084}"
EndProject
Project("{FAE04EC0-301F-11D3-BF4B-00C04F79EFBC}") = "WbooruPlugin.YourSeihekiStatistics", "Plugins\WbooruPlugin.YourSeihekiStatistics\WbooruPlugin.YourSeihekiStatistics.csproj", "{687C824C-2FA5-496B-B7DD-177B82914E49}"
EndProject
Project("{2150E333-8FDC-42A3-9474-1A3956D46DE8}") = "Solution Items", "Solution Items", "{996AA54D-AC83-4699-BDD6-A9C91271CD30}"
	ProjectSection(SolutionItems) = preProject
		.editorconfig = .editorconfig
	EndProjectSection
EndProject
Project("{9A19103F-16F7-4668-BE54-9A1E7A4F7556}") = "WbooruPlugin.EHentai", "Plugins\WbooruPlugin.EHentai\WbooruPlugin.EHentai.csproj", "{ADA2901A-0C85-4DA3-90F7-3FB63EDA4917}"
EndProject
Project("{9A19103F-16F7-4668-BE54-9A1E7A4F7556}") = "HtmlToXamlConverter", "Plugins\WbooruPlugin.EHentai\Dependencies\HtmlToXamlConverter\src\HtmlToXamlConverter\HtmlToXamlConverter.csproj", "{DD1F344B-1121-4255-BC34-6494043A3673}"
EndProject
Project("{FAE04EC0-301F-11D3-BF4B-00C04F79EFBC}") = "WbooruPlugin.BingWallpaper", "Plugins\WbooruPlugin.BingWallpaper\WbooruPlugin.BingWallpaper.csproj", "{8987D63B-CAA3-4753-828F-9EBBD6AEED17}"
EndProject
Global
	GlobalSection(SolutionConfigurationPlatforms) = preSolution
		Debug|Any CPU = Debug|Any CPU
		Debug|ARM = Debug|ARM
		Debug|ARM64 = Debug|ARM64
		Debug|x64 = Debug|x64
		Debug|x86 = Debug|x86
		Release|Any CPU = Release|Any CPU
		Release|ARM = Release|ARM
		Release|ARM64 = Release|ARM64
		Release|x64 = Release|x64
		Release|x86 = Release|x86
		SQLITE_DEBUG|Any CPU = SQLITE_DEBUG|Any CPU
		SQLITE_DEBUG|ARM = SQLITE_DEBUG|ARM
		SQLITE_DEBUG|ARM64 = SQLITE_DEBUG|ARM64
		SQLITE_DEBUG|x64 = SQLITE_DEBUG|x64
		SQLITE_DEBUG|x86 = SQLITE_DEBUG|x86
	EndGlobalSection
	GlobalSection(ProjectConfigurationPlatforms) = postSolution
		{C707353F-3E50-49B7-A2E1-1DF669305470}.Debug|Any CPU.ActiveCfg = Debug|Any CPU
		{C707353F-3E50-49B7-A2E1-1DF669305470}.Debug|Any CPU.Build.0 = Debug|Any CPU
		{C707353F-3E50-49B7-A2E1-1DF669305470}.Debug|ARM.ActiveCfg = Debug|Any CPU
		{C707353F-3E50-49B7-A2E1-1DF669305470}.Debug|ARM.Build.0 = Debug|Any CPU
		{C707353F-3E50-49B7-A2E1-1DF669305470}.Debug|ARM64.ActiveCfg = Debug|Any CPU
		{C707353F-3E50-49B7-A2E1-1DF669305470}.Debug|ARM64.Build.0 = Debug|Any CPU
		{C707353F-3E50-49B7-A2E1-1DF669305470}.Debug|x64.ActiveCfg = Debug|Any CPU
		{C707353F-3E50-49B7-A2E1-1DF669305470}.Debug|x64.Build.0 = Debug|Any CPU
		{C707353F-3E50-49B7-A2E1-1DF669305470}.Debug|x86.ActiveCfg = Debug|Any CPU
		{C707353F-3E50-49B7-A2E1-1DF669305470}.Debug|x86.Build.0 = Debug|Any CPU
		{C707353F-3E50-49B7-A2E1-1DF669305470}.Release|Any CPU.ActiveCfg = Release|Any CPU
		{C707353F-3E50-49B7-A2E1-1DF669305470}.Release|Any CPU.Build.0 = Release|Any CPU
		{C707353F-3E50-49B7-A2E1-1DF669305470}.Release|ARM.ActiveCfg = Release|Any CPU
		{C707353F-3E50-49B7-A2E1-1DF669305470}.Release|ARM.Build.0 = Release|Any CPU
		{C707353F-3E50-49B7-A2E1-1DF669305470}.Release|ARM64.ActiveCfg = Release|Any CPU
		{C707353F-3E50-49B7-A2E1-1DF669305470}.Release|ARM64.Build.0 = Release|Any CPU
		{C707353F-3E50-49B7-A2E1-1DF669305470}.Release|x64.ActiveCfg = Release|Any CPU
		{C707353F-3E50-49B7-A2E1-1DF669305470}.Release|x64.Build.0 = Release|Any CPU
		{C707353F-3E50-49B7-A2E1-1DF669305470}.Release|x86.ActiveCfg = Release|Any CPU
		{C707353F-3E50-49B7-A2E1-1DF669305470}.Release|x86.Build.0 = Release|Any CPU
		{C707353F-3E50-49B7-A2E1-1DF669305470}.SQLITE_DEBUG|Any CPU.ActiveCfg = Release|Any CPU
		{C707353F-3E50-49B7-A2E1-1DF669305470}.SQLITE_DEBUG|Any CPU.Build.0 = Release|Any CPU
		{C707353F-3E50-49B7-A2E1-1DF669305470}.SQLITE_DEBUG|ARM.ActiveCfg = Release|Any CPU
		{C707353F-3E50-49B7-A2E1-1DF669305470}.SQLITE_DEBUG|ARM.Build.0 = Release|Any CPU
		{C707353F-3E50-49B7-A2E1-1DF669305470}.SQLITE_DEBUG|ARM64.ActiveCfg = Release|Any CPU
		{C707353F-3E50-49B7-A2E1-1DF669305470}.SQLITE_DEBUG|ARM64.Build.0 = Release|Any CPU
		{C707353F-3E50-49B7-A2E1-1DF669305470}.SQLITE_DEBUG|x64.ActiveCfg = Release|Any CPU
		{C707353F-3E50-49B7-A2E1-1DF669305470}.SQLITE_DEBUG|x64.Build.0 = Release|Any CPU
		{C707353F-3E50-49B7-A2E1-1DF669305470}.SQLITE_DEBUG|x86.ActiveCfg = Release|Any CPU
		{C707353F-3E50-49B7-A2E1-1DF669305470}.SQLITE_DEBUG|x86.Build.0 = Release|Any CPU
		{36C76CA6-73D8-43E7-8AA8-1A8B8FFA7EF1}.Debug|Any CPU.ActiveCfg = Debug|Any CPU
		{36C76CA6-73D8-43E7-8AA8-1A8B8FFA7EF1}.Debug|Any CPU.Build.0 = Debug|Any CPU
		{36C76CA6-73D8-43E7-8AA8-1A8B8FFA7EF1}.Debug|ARM.ActiveCfg = Debug|Any CPU
		{36C76CA6-73D8-43E7-8AA8-1A8B8FFA7EF1}.Debug|ARM64.ActiveCfg = Debug|Any CPU
		{36C76CA6-73D8-43E7-8AA8-1A8B8FFA7EF1}.Debug|x64.ActiveCfg = Debug|Any CPU
		{36C76CA6-73D8-43E7-8AA8-1A8B8FFA7EF1}.Debug|x86.ActiveCfg = Debug|Any CPU
		{36C76CA6-73D8-43E7-8AA8-1A8B8FFA7EF1}.Release|Any CPU.ActiveCfg = Release|Any CPU
		{36C76CA6-73D8-43E7-8AA8-1A8B8FFA7EF1}.Release|Any CPU.Build.0 = Release|Any CPU
		{36C76CA6-73D8-43E7-8AA8-1A8B8FFA7EF1}.Release|ARM.ActiveCfg = Release|Any CPU
		{36C76CA6-73D8-43E7-8AA8-1A8B8FFA7EF1}.Release|ARM64.ActiveCfg = Release|Any CPU
		{36C76CA6-73D8-43E7-8AA8-1A8B8FFA7EF1}.Release|x64.ActiveCfg = Release|Any CPU
		{36C76CA6-73D8-43E7-8AA8-1A8B8FFA7EF1}.Release|x86.ActiveCfg = Release|Any CPU
		{36C76CA6-73D8-43E7-8AA8-1A8B8FFA7EF1}.SQLITE_DEBUG|Any CPU.ActiveCfg = Release|Any CPU
		{36C76CA6-73D8-43E7-8AA8-1A8B8FFA7EF1}.SQLITE_DEBUG|Any CPU.Build.0 = Release|Any CPU
		{36C76CA6-73D8-43E7-8AA8-1A8B8FFA7EF1}.SQLITE_DEBUG|ARM.ActiveCfg = Release|Any CPU
		{36C76CA6-73D8-43E7-8AA8-1A8B8FFA7EF1}.SQLITE_DEBUG|ARM64.ActiveCfg = Release|Any CPU
		{36C76CA6-73D8-43E7-8AA8-1A8B8FFA7EF1}.SQLITE_DEBUG|x64.ActiveCfg = Release|Any CPU
		{36C76CA6-73D8-43E7-8AA8-1A8B8FFA7EF1}.SQLITE_DEBUG|x86.ActiveCfg = Release|Any CPU
		{4E84E4E3-00FE-4CC2-84EA-2B9362930DFF}.Debug|Any CPU.ActiveCfg = Debug|Any CPU
		{4E84E4E3-00FE-4CC2-84EA-2B9362930DFF}.Debug|Any CPU.Build.0 = Debug|Any CPU
		{4E84E4E3-00FE-4CC2-84EA-2B9362930DFF}.Debug|ARM.ActiveCfg = Debug|Any CPU
		{4E84E4E3-00FE-4CC2-84EA-2B9362930DFF}.Debug|ARM64.ActiveCfg = Debug|Any CPU
		{4E84E4E3-00FE-4CC2-84EA-2B9362930DFF}.Debug|x64.ActiveCfg = Debug|Any CPU
		{4E84E4E3-00FE-4CC2-84EA-2B9362930DFF}.Debug|x86.ActiveCfg = Debug|Any CPU
		{4E84E4E3-00FE-4CC2-84EA-2B9362930DFF}.Release|Any CPU.ActiveCfg = Release|Any CPU
		{4E84E4E3-00FE-4CC2-84EA-2B9362930DFF}.Release|Any CPU.Build.0 = Release|Any CPU
		{4E84E4E3-00FE-4CC2-84EA-2B9362930DFF}.Release|ARM.ActiveCfg = Release|Any CPU
		{4E84E4E3-00FE-4CC2-84EA-2B9362930DFF}.Release|ARM64.ActiveCfg = Release|Any CPU
		{4E84E4E3-00FE-4CC2-84EA-2B9362930DFF}.Release|x64.ActiveCfg = Release|Any CPU
		{4E84E4E3-00FE-4CC2-84EA-2B9362930DFF}.Release|x86.ActiveCfg = Release|Any CPU
		{4E84E4E3-00FE-4CC2-84EA-2B9362930DFF}.SQLITE_DEBUG|Any CPU.ActiveCfg = Release|Any CPU
		{4E84E4E3-00FE-4CC2-84EA-2B9362930DFF}.SQLITE_DEBUG|Any CPU.Build.0 = Release|Any CPU
		{4E84E4E3-00FE-4CC2-84EA-2B9362930DFF}.SQLITE_DEBUG|ARM.ActiveCfg = Release|Any CPU
		{4E84E4E3-00FE-4CC2-84EA-2B9362930DFF}.SQLITE_DEBUG|ARM64.ActiveCfg = Release|Any CPU
		{4E84E4E3-00FE-4CC2-84EA-2B9362930DFF}.SQLITE_DEBUG|x64.ActiveCfg = Release|Any CPU
		{4E84E4E3-00FE-4CC2-84EA-2B9362930DFF}.SQLITE_DEBUG|x86.ActiveCfg = Release|Any CPU
		{E8208EE8-34AF-40F7-969F-8BA2DD8177AE}.Debug|Any CPU.ActiveCfg = Debug|Any CPU
		{E8208EE8-34AF-40F7-969F-8BA2DD8177AE}.Debug|Any CPU.Build.0 = Debug|Any CPU
		{E8208EE8-34AF-40F7-969F-8BA2DD8177AE}.Debug|ARM.ActiveCfg = Debug|Any CPU
		{E8208EE8-34AF-40F7-969F-8BA2DD8177AE}.Debug|ARM64.ActiveCfg = Debug|Any CPU
		{E8208EE8-34AF-40F7-969F-8BA2DD8177AE}.Debug|x64.ActiveCfg = Debug|Any CPU
		{E8208EE8-34AF-40F7-969F-8BA2DD8177AE}.Debug|x86.ActiveCfg = Debug|Any CPU
		{E8208EE8-34AF-40F7-969F-8BA2DD8177AE}.Release|Any CPU.ActiveCfg = Release|Any CPU
		{E8208EE8-34AF-40F7-969F-8BA2DD8177AE}.Release|Any CPU.Build.0 = Release|Any CPU
		{E8208EE8-34AF-40F7-969F-8BA2DD8177AE}.Release|ARM.ActiveCfg = Release|Any CPU
		{E8208EE8-34AF-40F7-969F-8BA2DD8177AE}.Release|ARM64.ActiveCfg = Release|Any CPU
		{E8208EE8-34AF-40F7-969F-8BA2DD8177AE}.Release|x64.ActiveCfg = Release|Any CPU
		{E8208EE8-34AF-40F7-969F-8BA2DD8177AE}.Release|x86.ActiveCfg = Release|Any CPU
		{E8208EE8-34AF-40F7-969F-8BA2DD8177AE}.SQLITE_DEBUG|Any CPU.ActiveCfg = Release|Any CPU
		{E8208EE8-34AF-40F7-969F-8BA2DD8177AE}.SQLITE_DEBUG|Any CPU.Build.0 = Release|Any CPU
		{E8208EE8-34AF-40F7-969F-8BA2DD8177AE}.SQLITE_DEBUG|ARM.ActiveCfg = Release|Any CPU
		{E8208EE8-34AF-40F7-969F-8BA2DD8177AE}.SQLITE_DEBUG|ARM64.ActiveCfg = Release|Any CPU
		{E8208EE8-34AF-40F7-969F-8BA2DD8177AE}.SQLITE_DEBUG|x64.ActiveCfg = Release|Any CPU
		{E8208EE8-34AF-40F7-969F-8BA2DD8177AE}.SQLITE_DEBUG|x86.ActiveCfg = Release|Any CPU
		{A7B4E73C-EF0B-4F42-A80D-0C3CCFFA734F}.Debug|Any CPU.ActiveCfg = Debug|Any CPU
		{A7B4E73C-EF0B-4F42-A80D-0C3CCFFA734F}.Debug|Any CPU.Build.0 = Debug|Any CPU
		{A7B4E73C-EF0B-4F42-A80D-0C3CCFFA734F}.Debug|ARM.ActiveCfg = Debug|Any CPU
		{A7B4E73C-EF0B-4F42-A80D-0C3CCFFA734F}.Debug|ARM64.ActiveCfg = Debug|Any CPU
		{A7B4E73C-EF0B-4F42-A80D-0C3CCFFA734F}.Debug|x64.ActiveCfg = Debug|Any CPU
		{A7B4E73C-EF0B-4F42-A80D-0C3CCFFA734F}.Debug|x86.ActiveCfg = Debug|Any CPU
		{A7B4E73C-EF0B-4F42-A80D-0C3CCFFA734F}.Release|Any CPU.ActiveCfg = Release|Any CPU
		{A7B4E73C-EF0B-4F42-A80D-0C3CCFFA734F}.Release|Any CPU.Build.0 = Release|Any CPU
		{A7B4E73C-EF0B-4F42-A80D-0C3CCFFA734F}.Release|ARM.ActiveCfg = Release|Any CPU
		{A7B4E73C-EF0B-4F42-A80D-0C3CCFFA734F}.Release|ARM64.ActiveCfg = Release|Any CPU
		{A7B4E73C-EF0B-4F42-A80D-0C3CCFFA734F}.Release|x64.ActiveCfg = Release|Any CPU
		{A7B4E73C-EF0B-4F42-A80D-0C3CCFFA734F}.Release|x86.ActiveCfg = Release|Any CPU
		{A7B4E73C-EF0B-4F42-A80D-0C3CCFFA734F}.SQLITE_DEBUG|Any CPU.ActiveCfg = Release|Any CPU
		{A7B4E73C-EF0B-4F42-A80D-0C3CCFFA734F}.SQLITE_DEBUG|Any CPU.Build.0 = Release|Any CPU
		{A7B4E73C-EF0B-4F42-A80D-0C3CCFFA734F}.SQLITE_DEBUG|ARM.ActiveCfg = Release|Any CPU
		{A7B4E73C-EF0B-4F42-A80D-0C3CCFFA734F}.SQLITE_DEBUG|ARM64.ActiveCfg = Release|Any CPU
		{A7B4E73C-EF0B-4F42-A80D-0C3CCFFA734F}.SQLITE_DEBUG|x64.ActiveCfg = Release|Any CPU
		{A7B4E73C-EF0B-4F42-A80D-0C3CCFFA734F}.SQLITE_DEBUG|x86.ActiveCfg = Release|Any CPU
		{80B63919-3E69-46C7-8642-FE85FDA85084}.Debug|Any CPU.ActiveCfg = Debug|Any CPU
		{80B63919-3E69-46C7-8642-FE85FDA85084}.Debug|Any CPU.Build.0 = Debug|Any CPU
		{80B63919-3E69-46C7-8642-FE85FDA85084}.Debug|ARM.ActiveCfg = Debug|Any CPU
		{80B63919-3E69-46C7-8642-FE85FDA85084}.Debug|ARM64.ActiveCfg = Debug|Any CPU
		{80B63919-3E69-46C7-8642-FE85FDA85084}.Debug|x64.ActiveCfg = Debug|Any CPU
		{80B63919-3E69-46C7-8642-FE85FDA85084}.Debug|x86.ActiveCfg = Debug|Any CPU
		{80B63919-3E69-46C7-8642-FE85FDA85084}.Release|Any CPU.ActiveCfg = Release|Any CPU
		{80B63919-3E69-46C7-8642-FE85FDA85084}.Release|Any CPU.Build.0 = Release|Any CPU
		{80B63919-3E69-46C7-8642-FE85FDA85084}.Release|ARM.ActiveCfg = Release|Any CPU
		{80B63919-3E69-46C7-8642-FE85FDA85084}.Release|ARM64.ActiveCfg = Release|Any CPU
		{80B63919-3E69-46C7-8642-FE85FDA85084}.Release|x64.ActiveCfg = Release|Any CPU
		{80B63919-3E69-46C7-8642-FE85FDA85084}.Release|x86.ActiveCfg = Release|Any CPU
		{80B63919-3E69-46C7-8642-FE85FDA85084}.SQLITE_DEBUG|Any CPU.ActiveCfg = Release|Any CPU
		{80B63919-3E69-46C7-8642-FE85FDA85084}.SQLITE_DEBUG|Any CPU.Build.0 = Release|Any CPU
		{80B63919-3E69-46C7-8642-FE85FDA85084}.SQLITE_DEBUG|ARM.ActiveCfg = Release|Any CPU
		{80B63919-3E69-46C7-8642-FE85FDA85084}.SQLITE_DEBUG|ARM64.ActiveCfg = Release|Any CPU
		{80B63919-3E69-46C7-8642-FE85FDA85084}.SQLITE_DEBUG|x64.ActiveCfg = Release|Any CPU
		{80B63919-3E69-46C7-8642-FE85FDA85084}.SQLITE_DEBUG|x86.ActiveCfg = Release|Any CPU
		{687C824C-2FA5-496B-B7DD-177B82914E49}.Debug|Any CPU.ActiveCfg = Debug|Any CPU
		{687C824C-2FA5-496B-B7DD-177B82914E49}.Debug|Any CPU.Build.0 = Debug|Any CPU
		{687C824C-2FA5-496B-B7DD-177B82914E49}.Debug|ARM.ActiveCfg = Debug|Any CPU
		{687C824C-2FA5-496B-B7DD-177B82914E49}.Debug|ARM64.ActiveCfg = Debug|Any CPU
		{687C824C-2FA5-496B-B7DD-177B82914E49}.Debug|x64.ActiveCfg = Debug|Any CPU
		{687C824C-2FA5-496B-B7DD-177B82914E49}.Debug|x86.ActiveCfg = Debug|Any CPU
		{687C824C-2FA5-496B-B7DD-177B82914E49}.Release|Any CPU.ActiveCfg = Release|Any CPU
		{687C824C-2FA5-496B-B7DD-177B82914E49}.Release|Any CPU.Build.0 = Release|Any CPU
		{687C824C-2FA5-496B-B7DD-177B82914E49}.Release|ARM.ActiveCfg = Release|Any CPU
		{687C824C-2FA5-496B-B7DD-177B82914E49}.Release|ARM64.ActiveCfg = Release|Any CPU
		{687C824C-2FA5-496B-B7DD-177B82914E49}.Release|x64.ActiveCfg = Release|Any CPU
		{687C824C-2FA5-496B-B7DD-177B82914E49}.Release|x86.ActiveCfg = Release|Any CPU
		{687C824C-2FA5-496B-B7DD-177B82914E49}.SQLITE_DEBUG|Any CPU.ActiveCfg = Release|Any CPU
		{687C824C-2FA5-496B-B7DD-177B82914E49}.SQLITE_DEBUG|Any CPU.Build.0 = Release|Any CPU
		{687C824C-2FA5-496B-B7DD-177B82914E49}.SQLITE_DEBUG|ARM.ActiveCfg = Release|Any CPU
		{687C824C-2FA5-496B-B7DD-177B82914E49}.SQLITE_DEBUG|ARM64.ActiveCfg = Release|Any CPU
		{687C824C-2FA5-496B-B7DD-177B82914E49}.SQLITE_DEBUG|x64.ActiveCfg = Release|Any CPU
		{687C824C-2FA5-496B-B7DD-177B82914E49}.SQLITE_DEBUG|x86.ActiveCfg = Release|Any CPU
		{ADA2901A-0C85-4DA3-90F7-3FB63EDA4917}.Debug|Any CPU.ActiveCfg = Debug|Any CPU
		{ADA2901A-0C85-4DA3-90F7-3FB63EDA4917}.Debug|Any CPU.Build.0 = Debug|Any CPU
		{ADA2901A-0C85-4DA3-90F7-3FB63EDA4917}.Debug|ARM.ActiveCfg = Debug|Any CPU
		{ADA2901A-0C85-4DA3-90F7-3FB63EDA4917}.Debug|ARM.Build.0 = Debug|Any CPU
		{ADA2901A-0C85-4DA3-90F7-3FB63EDA4917}.Debug|ARM64.ActiveCfg = Debug|Any CPU
		{ADA2901A-0C85-4DA3-90F7-3FB63EDA4917}.Debug|ARM64.Build.0 = Debug|Any CPU
		{ADA2901A-0C85-4DA3-90F7-3FB63EDA4917}.Debug|x64.ActiveCfg = Debug|Any CPU
		{ADA2901A-0C85-4DA3-90F7-3FB63EDA4917}.Debug|x64.Build.0 = Debug|Any CPU
		{ADA2901A-0C85-4DA3-90F7-3FB63EDA4917}.Debug|x86.ActiveCfg = Debug|Any CPU
		{ADA2901A-0C85-4DA3-90F7-3FB63EDA4917}.Debug|x86.Build.0 = Debug|Any CPU
		{ADA2901A-0C85-4DA3-90F7-3FB63EDA4917}.Release|Any CPU.ActiveCfg = Release|Any CPU
		{ADA2901A-0C85-4DA3-90F7-3FB63EDA4917}.Release|Any CPU.Build.0 = Release|Any CPU
		{ADA2901A-0C85-4DA3-90F7-3FB63EDA4917}.Release|ARM.ActiveCfg = Release|Any CPU
		{ADA2901A-0C85-4DA3-90F7-3FB63EDA4917}.Release|ARM.Build.0 = Release|Any CPU
		{ADA2901A-0C85-4DA3-90F7-3FB63EDA4917}.Release|ARM64.ActiveCfg = Release|Any CPU
		{ADA2901A-0C85-4DA3-90F7-3FB63EDA4917}.Release|ARM64.Build.0 = Release|Any CPU
		{ADA2901A-0C85-4DA3-90F7-3FB63EDA4917}.Release|x64.ActiveCfg = Release|Any CPU
		{ADA2901A-0C85-4DA3-90F7-3FB63EDA4917}.Release|x64.Build.0 = Release|Any CPU
		{ADA2901A-0C85-4DA3-90F7-3FB63EDA4917}.Release|x86.ActiveCfg = Release|Any CPU
		{ADA2901A-0C85-4DA3-90F7-3FB63EDA4917}.Release|x86.Build.0 = Release|Any CPU
		{ADA2901A-0C85-4DA3-90F7-3FB63EDA4917}.SQLITE_DEBUG|Any CPU.ActiveCfg = Debug|Any CPU
		{ADA2901A-0C85-4DA3-90F7-3FB63EDA4917}.SQLITE_DEBUG|Any CPU.Build.0 = Debug|Any CPU
		{ADA2901A-0C85-4DA3-90F7-3FB63EDA4917}.SQLITE_DEBUG|ARM.ActiveCfg = Debug|Any CPU
		{ADA2901A-0C85-4DA3-90F7-3FB63EDA4917}.SQLITE_DEBUG|ARM.Build.0 = Debug|Any CPU
		{ADA2901A-0C85-4DA3-90F7-3FB63EDA4917}.SQLITE_DEBUG|ARM64.ActiveCfg = Debug|Any CPU
		{ADA2901A-0C85-4DA3-90F7-3FB63EDA4917}.SQLITE_DEBUG|ARM64.Build.0 = Debug|Any CPU
		{ADA2901A-0C85-4DA3-90F7-3FB63EDA4917}.SQLITE_DEBUG|x64.ActiveCfg = Debug|Any CPU
		{ADA2901A-0C85-4DA3-90F7-3FB63EDA4917}.SQLITE_DEBUG|x64.Build.0 = Debug|Any CPU
		{ADA2901A-0C85-4DA3-90F7-3FB63EDA4917}.SQLITE_DEBUG|x86.ActiveCfg = Debug|Any CPU
		{ADA2901A-0C85-4DA3-90F7-3FB63EDA4917}.SQLITE_DEBUG|x86.Build.0 = Debug|Any CPU
		{DD1F344B-1121-4255-BC34-6494043A3673}.Debug|Any CPU.ActiveCfg = Debug|Any CPU
		{DD1F344B-1121-4255-BC34-6494043A3673}.Debug|Any CPU.Build.0 = Debug|Any CPU
		{DD1F344B-1121-4255-BC34-6494043A3673}.Debug|ARM.ActiveCfg = Debug|Any CPU
		{DD1F344B-1121-4255-BC34-6494043A3673}.Debug|ARM.Build.0 = Debug|Any CPU
		{DD1F344B-1121-4255-BC34-6494043A3673}.Debug|ARM64.ActiveCfg = Debug|Any CPU
		{DD1F344B-1121-4255-BC34-6494043A3673}.Debug|ARM64.Build.0 = Debug|Any CPU
		{DD1F344B-1121-4255-BC34-6494043A3673}.Debug|x64.ActiveCfg = Debug|Any CPU
		{DD1F344B-1121-4255-BC34-6494043A3673}.Debug|x64.Build.0 = Debug|Any CPU
		{DD1F344B-1121-4255-BC34-6494043A3673}.Debug|x86.ActiveCfg = Debug|Any CPU
		{DD1F344B-1121-4255-BC34-6494043A3673}.Debug|x86.Build.0 = Debug|Any CPU
		{DD1F344B-1121-4255-BC34-6494043A3673}.Release|Any CPU.ActiveCfg = Release|Any CPU
		{DD1F344B-1121-4255-BC34-6494043A3673}.Release|Any CPU.Build.0 = Release|Any CPU
		{DD1F344B-1121-4255-BC34-6494043A3673}.Release|ARM.ActiveCfg = Release|Any CPU
		{DD1F344B-1121-4255-BC34-6494043A3673}.Release|ARM.Build.0 = Release|Any CPU
		{DD1F344B-1121-4255-BC34-6494043A3673}.Release|ARM64.ActiveCfg = Release|Any CPU
		{DD1F344B-1121-4255-BC34-6494043A3673}.Release|ARM64.Build.0 = Release|Any CPU
		{DD1F344B-1121-4255-BC34-6494043A3673}.Release|x64.ActiveCfg = Release|Any CPU
		{DD1F344B-1121-4255-BC34-6494043A3673}.Release|x64.Build.0 = Release|Any CPU
		{DD1F344B-1121-4255-BC34-6494043A3673}.Release|x86.ActiveCfg = Release|Any CPU
		{DD1F344B-1121-4255-BC34-6494043A3673}.Release|x86.Build.0 = Release|Any CPU
		{DD1F344B-1121-4255-BC34-6494043A3673}.SQLITE_DEBUG|Any CPU.ActiveCfg = Debug|Any CPU
		{DD1F344B-1121-4255-BC34-6494043A3673}.SQLITE_DEBUG|Any CPU.Build.0 = Debug|Any CPU
		{DD1F344B-1121-4255-BC34-6494043A3673}.SQLITE_DEBUG|ARM.ActiveCfg = Debug|Any CPU
		{DD1F344B-1121-4255-BC34-6494043A3673}.SQLITE_DEBUG|ARM.Build.0 = Debug|Any CPU
		{DD1F344B-1121-4255-BC34-6494043A3673}.SQLITE_DEBUG|ARM64.ActiveCfg = Debug|Any CPU
		{DD1F344B-1121-4255-BC34-6494043A3673}.SQLITE_DEBUG|ARM64.Build.0 = Debug|Any CPU
		{DD1F344B-1121-4255-BC34-6494043A3673}.SQLITE_DEBUG|x64.ActiveCfg = Debug|Any CPU
		{DD1F344B-1121-4255-BC34-6494043A3673}.SQLITE_DEBUG|x64.Build.0 = Debug|Any CPU
		{DD1F344B-1121-4255-BC34-6494043A3673}.SQLITE_DEBUG|x86.ActiveCfg = Debug|Any CPU
		{DD1F344B-1121-4255-BC34-6494043A3673}.SQLITE_DEBUG|x86.Build.0 = Debug|Any CPU
		{8987D63B-CAA3-4753-828F-9EBBD6AEED17}.Debug|Any CPU.ActiveCfg = Debug|Any CPU
		{8987D63B-CAA3-4753-828F-9EBBD6AEED17}.Debug|Any CPU.Build.0 = Debug|Any CPU
		{8987D63B-CAA3-4753-828F-9EBBD6AEED17}.Debug|ARM.ActiveCfg = Debug|Any CPU
		{8987D63B-CAA3-4753-828F-9EBBD6AEED17}.Debug|ARM.Build.0 = Debug|Any CPU
		{8987D63B-CAA3-4753-828F-9EBBD6AEED17}.Debug|ARM64.ActiveCfg = Debug|Any CPU
		{8987D63B-CAA3-4753-828F-9EBBD6AEED17}.Debug|ARM64.Build.0 = Debug|Any CPU
		{8987D63B-CAA3-4753-828F-9EBBD6AEED17}.Debug|x64.ActiveCfg = Debug|Any CPU
		{8987D63B-CAA3-4753-828F-9EBBD6AEED17}.Debug|x64.Build.0 = Debug|Any CPU
		{8987D63B-CAA3-4753-828F-9EBBD6AEED17}.Debug|x86.ActiveCfg = Debug|Any CPU
		{8987D63B-CAA3-4753-828F-9EBBD6AEED17}.Debug|x86.Build.0 = Debug|Any CPU
		{8987D63B-CAA3-4753-828F-9EBBD6AEED17}.Release|Any CPU.ActiveCfg = Release|Any CPU
		{8987D63B-CAA3-4753-828F-9EBBD6AEED17}.Release|Any CPU.Build.0 = Release|Any CPU
		{8987D63B-CAA3-4753-828F-9EBBD6AEED17}.Release|ARM.ActiveCfg = Release|Any CPU
		{8987D63B-CAA3-4753-828F-9EBBD6AEED17}.Release|ARM.Build.0 = Release|Any CPU
		{8987D63B-CAA3-4753-828F-9EBBD6AEED17}.Release|ARM64.ActiveCfg = Release|Any CPU
		{8987D63B-CAA3-4753-828F-9EBBD6AEED17}.Release|ARM64.Build.0 = Release|Any CPU
		{8987D63B-CAA3-4753-828F-9EBBD6AEED17}.Release|x64.ActiveCfg = Release|Any CPU
		{8987D63B-CAA3-4753-828F-9EBBD6AEED17}.Release|x64.Build.0 = Release|Any CPU
		{8987D63B-CAA3-4753-828F-9EBBD6AEED17}.Release|x86.ActiveCfg = Release|Any CPU
		{8987D63B-CAA3-4753-828F-9EBBD6AEED17}.Release|x86.Build.0 = Release|Any CPU
		{8987D63B-CAA3-4753-828F-9EBBD6AEED17}.SQLITE_DEBUG|Any CPU.ActiveCfg = Debug|Any CPU
		{8987D63B-CAA3-4753-828F-9EBBD6AEED17}.SQLITE_DEBUG|Any CPU.Build.0 = Debug|Any CPU
		{8987D63B-CAA3-4753-828F-9EBBD6AEED17}.SQLITE_DEBUG|ARM.ActiveCfg = Debug|Any CPU
		{8987D63B-CAA3-4753-828F-9EBBD6AEED17}.SQLITE_DEBUG|ARM.Build.0 = Debug|Any CPU
		{8987D63B-CAA3-4753-828F-9EBBD6AEED17}.SQLITE_DEBUG|ARM64.ActiveCfg = Debug|Any CPU
		{8987D63B-CAA3-4753-828F-9EBBD6AEED17}.SQLITE_DEBUG|ARM64.Build.0 = Debug|Any CPU
		{8987D63B-CAA3-4753-828F-9EBBD6AEED17}.SQLITE_DEBUG|x64.ActiveCfg = Debug|Any CPU
		{8987D63B-CAA3-4753-828F-9EBBD6AEED17}.SQLITE_DEBUG|x64.Build.0 = Debug|Any CPU
		{8987D63B-CAA3-4753-828F-9EBBD6AEED17}.SQLITE_DEBUG|x86.ActiveCfg = Debug|Any CPU
		{8987D63B-CAA3-4753-828F-9EBBD6AEED17}.SQLITE_DEBUG|x86.Build.0 = Debug|Any CPU
	EndGlobalSection
	GlobalSection(SolutionProperties) = preSolution
		HideSolutionNode = FALSE
	EndGlobalSection
	GlobalSection(NestedProjects) = preSolution
		{36C76CA6-73D8-43E7-8AA8-1A8B8FFA7EF1} = {3FD0B528-7492-4FC6-A51D-8412234F9BD8}
		{4E84E4E3-00FE-4CC2-84EA-2B9362930DFF} = {3FD0B528-7492-4FC6-A51D-8412234F9BD8}
		{E8208EE8-34AF-40F7-969F-8BA2DD8177AE} = {3FD0B528-7492-4FC6-A51D-8412234F9BD8}
		{A7B4E73C-EF0B-4F42-A80D-0C3CCFFA734F} = {3FD0B528-7492-4FC6-A51D-8412234F9BD8}
		{80B63919-3E69-46C7-8642-FE85FDA85084} = {3FD0B528-7492-4FC6-A51D-8412234F9BD8}
		{687C824C-2FA5-496B-B7DD-177B82914E49} = {3FD0B528-7492-4FC6-A51D-8412234F9BD8}
		{ADA2901A-0C85-4DA3-90F7-3FB63EDA4917} = {3FD0B528-7492-4FC6-A51D-8412234F9BD8}
		{DD1F344B-1121-4255-BC34-6494043A3673} = {E13DBDDD-248E-4D2C-BCD7-3B5265A758CC}
		{8987D63B-CAA3-4753-828F-9EBBD6AEED17} = {3FD0B528-7492-4FC6-A51D-8412234F9BD8}
	EndGlobalSection
	GlobalSection(ExtensibilityGlobals) = postSolution
		SolutionGuid = {085640C6-0CAB-4295-B65D-86AA4622F986}
	EndGlobalSection
EndGlobal
